// !$*UTF8*$!
{
	archiveVersion = 1;
	classes = {
	};
	objectVersion = 48;
	objects = {

/* Begin PBXBuildFile section */
		D3A86F271FB52035007FDA11 /* AppDelegate.swift in Sources */ = {isa = PBXBuildFile; fileRef = D3A86F261FB52035007FDA11 /* AppDelegate.swift */; };
		D3A86F291FB52035007FDA11 /* ViewController.swift in Sources */ = {isa = PBXBuildFile; fileRef = D3A86F281FB52035007FDA11 /* ViewController.swift */; };
		D3A86F2C1FB52035007FDA11 /* Main.storyboard in Resources */ = {isa = PBXBuildFile; fileRef = D3A86F2A1FB52035007FDA11 /* Main.storyboard */; };
		D3A86F2E1FB52035007FDA11 /* Assets.xcassets in Resources */ = {isa = PBXBuildFile; fileRef = D3A86F2D1FB52035007FDA11 /* Assets.xcassets */; };
		D3A86F311FB52035007FDA11 /* LaunchScreen.storyboard in Resources */ = {isa = PBXBuildFile; fileRef = D3A86F2F1FB52035007FDA11 /* LaunchScreen.storyboard */; };
		D3A86F3C1FB52035007FDA11 /* Test_AlomafireTests.swift in Sources */ = {isa = PBXBuildFile; fileRef = D3A86F3B1FB52035007FDA11 /* Test_AlomafireTests.swift */; };
		D3A86F471FB52035007FDA11 /* Test_AlomafireUITests.swift in Sources */ = {isa = PBXBuildFile; fileRef = D3A86F461FB52035007FDA11 /* Test_AlomafireUITests.swift */; };
/* End PBXBuildFile section */

/* Begin PBXContainerItemProxy section */
		D3A86F381FB52035007FDA11 /* PBXContainerItemProxy */ = {
			isa = PBXContainerItemProxy;
			containerPortal = D3A86F1B1FB52035007FDA11 /* Project object */;
			proxyType = 1;
			remoteGlobalIDString = D3A86F221FB52035007FDA11;
			remoteInfo = "Test Alomafire";
		};
		D3A86F431FB52035007FDA11 /* PBXContainerItemProxy */ = {
			isa = PBXContainerItemProxy;
			containerPortal = D3A86F1B1FB52035007FDA11 /* Project object */;
			proxyType = 1;
			remoteGlobalIDString = D3A86F221FB52035007FDA11;
			remoteInfo = "Test Alomafire";
		};
/* End PBXContainerItemProxy section */

/* Begin PBXFileReference section */
		D3A86F231FB52035007FDA11 /* Test Alomafire.app */ = {isa = PBXFileReference; explicitFileType = wrapper.application; includeInIndex = 0; path = "Test Alomafire.app"; sourceTree = BUILT_PRODUCTS_DIR; };
		D3A86F261FB52035007FDA11 /* AppDelegate.swift */ = {isa = PBXFileReference; lastKnownFileType = sourcecode.swift; path = AppDelegate.swift; sourceTree = "<group>"; };
		D3A86F281FB52035007FDA11 /* ViewController.swift */ = {isa = PBXFileReference; lastKnownFileType = sourcecode.swift; path = ViewController.swift; sourceTree = "<group>"; };
		D3A86F2B1FB52035007FDA11 /* Base */ = {isa = PBXFileReference; lastKnownFileType = file.storyboard; name = Base; path = Base.lproj/Main.storyboard; sourceTree = "<group>"; };
		D3A86F2D1FB52035007FDA11 /* Assets.xcassets */ = {isa = PBXFileReference; lastKnownFileType = folder.assetcatalog; path = Assets.xcassets; sourceTree = "<group>"; };
		D3A86F301FB52035007FDA11 /* Base */ = {isa = PBXFileReference; lastKnownFileType = file.storyboard; name = Base; path = Base.lproj/LaunchScreen.storyboard; sourceTree = "<group>"; };
		D3A86F321FB52035007FDA11 /* Info.plist */ = {isa = PBXFileReference; lastKnownFileType = text.plist.xml; path = Info.plist; sourceTree = "<group>"; };
		D3A86F371FB52035007FDA11 /* Test AlomafireTests.xctest */ = {isa = PBXFileReference; explicitFileType = wrapper.cfbundle; includeInIndex = 0; path = "Test AlomafireTests.xctest"; sourceTree = BUILT_PRODUCTS_DIR; };
		D3A86F3B1FB52035007FDA11 /* Test_AlomafireTests.swift */ = {isa = PBXFileReference; lastKnownFileType = sourcecode.swift; path = Test_AlomafireTests.swift; sourceTree = "<group>"; };
		D3A86F3D1FB52035007FDA11 /* Info.plist */ = {isa = PBXFileReference; lastKnownFileType = text.plist.xml; path = Info.plist; sourceTree = "<group>"; };
		D3A86F421FB52035007FDA11 /* Test AlomafireUITests.xctest */ = {isa = PBXFileReference; explicitFileType = wrapper.cfbundle; includeInIndex = 0; path = "Test AlomafireUITests.xctest"; sourceTree = BUILT_PRODUCTS_DIR; };
		D3A86F461FB52035007FDA11 /* Test_AlomafireUITests.swift */ = {isa = PBXFileReference; lastKnownFileType = sourcecode.swift; path = Test_AlomafireUITests.swift; sourceTree = "<group>"; };
		D3A86F481FB52035007FDA11 /* Info.plist */ = {isa = PBXFileReference; lastKnownFileType = text.plist.xml; path = Info.plist; sourceTree = "<group>"; };
/* End PBXFileReference section */

/* Begin PBXFrameworksBuildPhase section */
		D3A86F201FB52035007FDA11 /* Frameworks */ = {
			isa = PBXFrameworksBuildPhase;
			buildActionMask = 2147483647;
			files = (
			);
			runOnlyForDeploymentPostprocessing = 0;
		};
		D3A86F341FB52035007FDA11 /* Frameworks */ = {
			isa = PBXFrameworksBuildPhase;
			buildActionMask = 2147483647;
			files = (
			);
			runOnlyForDeploymentPostprocessing = 0;
		};
		D3A86F3F1FB52035007FDA11 /* Frameworks */ = {
			isa = PBXFrameworksBuildPhase;
			buildActionMask = 2147483647;
			files = (
			);
			runOnlyForDeploymentPostprocessing = 0;
		};
/* End PBXFrameworksBuildPhase section */

/* Begin PBXGroup section */
		D3A86F1A1FB52035007FDA11 = {
			isa = PBXGroup;
			children = (
				D3A86F251FB52035007FDA11 /* Test Alomafire */,
				D3A86F3A1FB52035007FDA11 /* Test AlomafireTests */,
				D3A86F451FB52035007FDA11 /* Test AlomafireUITests */,
				D3A86F241FB52035007FDA11 /* Products */,
			);
			sourceTree = "<group>";
		};
		D3A86F241FB52035007FDA11 /* Products */ = {
			isa = PBXGroup;
			children = (
				D3A86F231FB52035007FDA11 /* Test Alomafire.app */,
				D3A86F371FB52035007FDA11 /* Test AlomafireTests.xctest */,
				D3A86F421FB52035007FDA11 /* Test AlomafireUITests.xctest */,
			);
			name = Products;
			sourceTree = "<group>";
		};
		D3A86F251FB52035007FDA11 /* Test Alomafire */ = {
			isa = PBXGroup;
			children = (
				D3A86F261FB52035007FDA11 /* AppDelegate.swift */,
				D3A86F281FB52035007FDA11 /* ViewController.swift */,
				D3A86F2A1FB52035007FDA11 /* Main.storyboard */,
				D3A86F2D1FB52035007FDA11 /* Assets.xcassets */,
				D3A86F2F1FB52035007FDA11 /* LaunchScreen.storyboard */,
				D3A86F321FB52035007FDA11 /* Info.plist */,
			);
			path = "Test Alomafire";
			sourceTree = "<group>";
		};
		D3A86F3A1FB52035007FDA11 /* Test AlomafireTests */ = {
			isa = PBXGroup;
			children = (
				D3A86F3B1FB52035007FDA11 /* Test_AlomafireTests.swift */,
				D3A86F3D1FB52035007FDA11 /* Info.plist */,
			);
			path = "Test AlomafireTests";
			sourceTree = "<group>";
		};
		D3A86F451FB52035007FDA11 /* Test AlomafireUITests */ = {
			isa = PBXGroup;
			children = (
				D3A86F461FB52035007FDA11 /* Test_AlomafireUITests.swift */,
				D3A86F481FB52035007FDA11 /* Info.plist */,
			);
			path = "Test AlomafireUITests";
			sourceTree = "<group>";
		};
/* End PBXGroup section */

/* Begin PBXNativeTarget section */
		D3A86F221FB52035007FDA11 /* Test Alomafire */ = {
			isa = PBXNativeTarget;
			buildConfigurationList = D3A86F4B1FB52035007FDA11 /* Build configuration list for PBXNativeTarget "Test Alomafire" */;
			buildPhases = (
				D3A86F1F1FB52035007FDA11 /* Sources */,
				D3A86F201FB52035007FDA11 /* Frameworks */,
				D3A86F211FB52035007FDA11 /* Resources */,
			);
			buildRules = (
			);
			dependencies = (
			);
			name = "Test Alomafire";
			productName = "Test Alomafire";
			productReference = D3A86F231FB52035007FDA11 /* Test Alomafire.app */;
			productType = "com.apple.product-type.application";
		};
		D3A86F361FB52035007FDA11 /* Test AlomafireTests */ = {
			isa = PBXNativeTarget;
			buildConfigurationList = D3A86F4E1FB52035007FDA11 /* Build configuration list for PBXNativeTarget "Test AlomafireTests" */;
			buildPhases = (
				D3A86F331FB52035007FDA11 /* Sources */,
				D3A86F341FB52035007FDA11 /* Frameworks */,
				D3A86F351FB52035007FDA11 /* Resources */,
			);
			buildRules = (
			);
			dependencies = (
				D3A86F391FB52035007FDA11 /* PBXTargetDependency */,
			);
			name = "Test AlomafireTests";
			productName = "Test AlomafireTests";
			productReference = D3A86F371FB52035007FDA11 /* Test AlomafireTests.xctest */;
			productType = "com.apple.product-type.bundle.unit-test";
		};
		D3A86F411FB52035007FDA11 /* Test AlomafireUITests */ = {
			isa = PBXNativeTarget;
			buildConfigurationList = D3A86F511FB52035007FDA11 /* Build configuration list for PBXNativeTarget "Test AlomafireUITests" */;
			buildPhases = (
				D3A86F3E1FB52035007FDA11 /* Sources */,
				D3A86F3F1FB52035007FDA11 /* Frameworks */,
				D3A86F401FB52035007FDA11 /* Resources */,
			);
			buildRules = (
			);
			dependencies = (
				D3A86F441FB52035007FDA11 /* PBXTargetDependency */,
			);
			name = "Test AlomafireUITests";
			productName = "Test AlomafireUITests";
			productReference = D3A86F421FB52035007FDA11 /* Test AlomafireUITests.xctest */;
			productType = "com.apple.product-type.bundle.ui-testing";
		};
/* End PBXNativeTarget section */

/* Begin PBXProject section */
		D3A86F1B1FB52035007FDA11 /* Project object */ = {
			isa = PBXProject;
			attributes = {
				LastSwiftUpdateCheck = 0900;
				LastUpgradeCheck = 0900;
				ORGANIZATIONNAME = yusron;
				TargetAttributes = {
					D3A86F221FB52035007FDA11 = {
						CreatedOnToolsVersion = 9.0.1;
						ProvisioningStyle = Automatic;
					};
					D3A86F361FB52035007FDA11 = {
						CreatedOnToolsVersion = 9.0.1;
						ProvisioningStyle = Automatic;
						TestTargetID = D3A86F221FB52035007FDA11;
					};
					D3A86F411FB52035007FDA11 = {
						CreatedOnToolsVersion = 9.0.1;
						ProvisioningStyle = Automatic;
						TestTargetID = D3A86F221FB52035007FDA11;
					};
				};
			};
			buildConfigurationList = D3A86F1E1FB52035007FDA11 /* Build configuration list for PBXProject "Test Alomafire" */;
			compatibilityVersion = "Xcode 8.0";
			developmentRegion = en;
			hasScannedForEncodings = 0;
			knownRegions = (
				en,
				Base,
			);
			mainGroup = D3A86F1A1FB52035007FDA11;
			productRefGroup = D3A86F241FB52035007FDA11 /* Products */;
			projectDirPath = "";
			projectRoot = "";
			targets = (
				D3A86F221FB52035007FDA11 /* Test Alomafire */,
				D3A86F361FB52035007FDA11 /* Test AlomafireTests */,
				D3A86F411FB52035007FDA11 /* Test AlomafireUITests */,
			);
		};
/* End PBXProject section */

/* Begin PBXResourcesBuildPhase section */
		D3A86F211FB52035007FDA11 /* Resources */ = {
			isa = PBXResourcesBuildPhase;
			buildActionMask = 2147483647;
			files = (
				D3A86F311FB52035007FDA11 /* LaunchScreen.storyboard in Resources */,
				D3A86F2E1FB52035007FDA11 /* Assets.xcassets in Resources */,
				D3A86F2C1FB52035007FDA11 /* Main.storyboard in Resources */,
			);
			runOnlyForDeploymentPostprocessing = 0;
		};
		D3A86F351FB52035007FDA11 /* Resources */ = {
			isa = PBXResourcesBuildPhase;
			buildActionMask = 2147483647;
			files = (
			);
			runOnlyForDeploymentPostprocessing = 0;
		};
		D3A86F401FB52035007FDA11 /* Resources */ = {
			isa = PBXResourcesBuildPhase;
			buildActionMask = 2147483647;
			files = (
			);
			runOnlyForDeploymentPostprocessing = 0;
		};
/* End PBXResourcesBuildPhase section */

/* Begin PBXSourcesBuildPhase section */
		D3A86F1F1FB52035007FDA11 /* Sources */ = {
			isa = PBXSourcesBuildPhase;
			buildActionMask = 2147483647;
			files = (
				D3A86F291FB52035007FDA11 /* ViewController.swift in Sources */,
				D3A86F271FB52035007FDA11 /* AppDelegate.swift in Sources */,
			);
			runOnlyForDeploymentPostprocessing = 0;
		};
		D3A86F331FB52035007FDA11 /* Sources */ = {
			isa = PBXSourcesBuildPhase;
			buildActionMask = 2147483647;
			files = (
				D3A86F3C1FB52035007FDA11 /* Test_AlomafireTests.swift in Sources */,
			);
			runOnlyForDeploymentPostprocessing = 0;
		};
		D3A86F3E1FB52035007FDA11 /* Sources */ = {
			isa = PBXSourcesBuildPhase;
			buildActionMask = 2147483647;
			files = (
				D3A86F471FB52035007FDA11 /* Test_AlomafireUITests.swift in Sources */,
			);
			runOnlyForDeploymentPostprocessing = 0;
		};
/* End PBXSourcesBuildPhase section */

/* Begin PBXTargetDependency section */
		D3A86F391FB52035007FDA11 /* PBXTargetDependency */ = {
			isa = PBXTargetDependency;
			target = D3A86F221FB52035007FDA11 /* Test Alomafire */;
			targetProxy = D3A86F381FB52035007FDA11 /* PBXContainerItemProxy */;
		};
		D3A86F441FB52035007FDA11 /* PBXTargetDependency */ = {
			isa = PBXTargetDependency;
			target = D3A86F221FB52035007FDA11 /* Test Alomafire */;
			targetProxy = D3A86F431FB52035007FDA11 /* PBXContainerItemProxy */;
		};
/* End PBXTargetDependency section */

/* Begin PBXVariantGroup section */
		D3A86F2A1FB52035007FDA11 /* Main.storyboard */ = {
			isa = PBXVariantGroup;
			children = (
				D3A86F2B1FB52035007FDA11 /* Base */,
			);
			name = Main.storyboard;
			sourceTree = "<group>";
		};
		D3A86F2F1FB52035007FDA11 /* LaunchScreen.storyboard */ = {
			isa = PBXVariantGroup;
			children = (
				D3A86F301FB52035007FDA11 /* Base */,
			);
			name = LaunchScreen.storyboard;
			sourceTree = "<group>";
		};
/* End PBXVariantGroup section */

/* Begin XCBuildConfiguration section */
		D3A86F491FB52035007FDA11 /* Debug */ = {
			isa = XCBuildConfiguration;
			buildSettings = {
				ALWAYS_SEARCH_USER_PATHS = NO;
				CLANG_ANALYZER_NONNULL = YES;
				CLANG_ANALYZER_NUMBER_OBJECT_CONVERSION = YES_AGGRESSIVE;
				CLANG_CXX_LANGUAGE_STANDARD = "gnu++14";
				CLANG_CXX_LIBRARY = "libc++";
				CLANG_ENABLE_MODULES = YES;
				CLANG_ENABLE_OBJC_ARC = YES;
				CLANG_WARN_BLOCK_CAPTURE_AUTORELEASING = YES;
				CLANG_WARN_BOOL_CONVERSION = YES;
				CLANG_WARN_COMMA = YES;
				CLANG_WARN_CONSTANT_CONVERSION = YES;
				CLANG_WARN_DIRECT_OBJC_ISA_USAGE = YES_ERROR;
				CLANG_WARN_DOCUMENTATION_COMMENTS = YES;
				CLANG_WARN_EMPTY_BODY = YES;
				CLANG_WARN_ENUM_CONVERSION = YES;
				CLANG_WARN_INFINITE_RECURSION = YES;
				CLANG_WARN_INT_CONVERSION = YES;
				CLANG_WARN_NON_LITERAL_NULL_CONVERSION = YES;
				CLANG_WARN_OBJC_LITERAL_CONVERSION = YES;
				CLANG_WARN_OBJC_ROOT_CLASS = YES_ERROR;
				CLANG_WARN_RANGE_LOOP_ANALYSIS = YES;
				CLANG_WARN_STRICT_PROTOTYPES = YES;
				CLANG_WARN_SUSPICIOUS_MOVE = YES;
				CLANG_WARN_UNGUARDED_AVAILABILITY = YES_AGGRESSIVE;
				CLANG_WARN_UNREACHABLE_CODE = YES;
				CLANG_WARN__DUPLICATE_METHOD_MATCH = YES;
				CODE_SIGN_IDENTITY = "iPhone Developer";
				COPY_PHASE_STRIP = NO;
				DEBUG_INFORMATION_FORMAT = dwarf;
				ENABLE_STRICT_OBJC_MSGSEND = YES;
				ENABLE_TESTABILITY = YES;
				GCC_C_LANGUAGE_STANDARD = gnu11;
				GCC_DYNAMIC_NO_PIC = NO;
				GCC_NO_COMMON_BLOCKS = YES;
				GCC_OPTIMIZATION_LEVEL = 0;
				GCC_PREPROCESSOR_DEFINITIONS = (
					"DEBUG=1",
					"$(inherited)",
				);
				GCC_WARN_64_TO_32_BIT_CONVERSION = YES;
				GCC_WARN_ABOUT_RETURN_TYPE = YES_ERROR;
				GCC_WARN_UNDECLARED_SELECTOR = YES;
				GCC_WARN_UNINITIALIZED_AUTOS = YES_AGGRESSIVE;
				GCC_WARN_UNUSED_FUNCTION = YES;
				GCC_WARN_UNUSED_VARIABLE = YES;
				IPHONEOS_DEPLOYMENT_TARGET = 11.0;
				MTL_ENABLE_DEBUG_INFO = YES;
				ONLY_ACTIVE_ARCH = YES;
				SDKROOT = iphoneos;
				SWIFT_ACTIVE_COMPILATION_CONDITIONS = DEBUG;
				SWIFT_OPTIMIZATION_LEVEL = "-Onone";
			};
			name = Debug;
		};
		D3A86F4A1FB52035007FDA11 /* Release */ = {
			isa = XCBuildConfiguration;
			buildSettings = {
				ALWAYS_SEARCH_USER_PATHS = NO;
				CLANG_ANALYZER_NONNULL = YES;
				CLANG_ANALYZER_NUMBER_OBJECT_CONVERSION = YES_AGGRESSIVE;
				CLANG_CXX_LANGUAGE_STANDARD = "gnu++14";
				CLANG_CXX_LIBRARY = "libc++";
				CLANG_ENABLE_MODULES = YES;
				CLANG_ENABLE_OBJC_ARC = YES;
				CLANG_WARN_BLOCK_CAPTURE_AUTORELEASING = YES;
				CLANG_WARN_BOOL_CONVERSION = YES;
				CLANG_WARN_COMMA = YES;
				CLANG_WARN_CONSTANT_CONVERSION = YES;
				CLANG_WARN_DIRECT_OBJC_ISA_USAGE = YES_ERROR;
				CLANG_WARN_DOCUMENTATION_COMMENTS = YES;
				CLANG_WARN_EMPTY_BODY = YES;
				CLANG_WARN_ENUM_CONVERSION = YES;
				CLANG_WARN_INFINITE_RECURSION = YES;
				CLANG_WARN_INT_CONVERSION = YES;
				CLANG_WARN_NON_LITERAL_NULL_CONVERSION = YES;
				CLANG_WARN_OBJC_LITERAL_CONVERSION = YES;
				CLANG_WARN_OBJC_ROOT_CLASS = YES_ERROR;
				CLANG_WARN_RANGE_LOOP_ANALYSIS = YES;
				CLANG_WARN_STRICT_PROTOTYPES = YES;
				CLANG_WARN_SUSPICIOUS_MOVE = YES;
				CLANG_WARN_UNGUARDED_AVAILABILITY = YES_AGGRESSIVE;
				CLANG_WARN_UNREACHABLE_CODE = YES;
				CLANG_WARN__DUPLICATE_METHOD_MATCH = YES;
				CODE_SIGN_IDENTITY = "iPhone Developer";
				COPY_PHASE_STRIP = NO;
				DEBUG_INFORMATION_FORMAT = "dwarf-with-dsym";
				ENABLE_NS_ASSERTIONS = NO;
				ENABLE_STRICT_OBJC_MSGSEND = YES;
				GCC_C_LANGUAGE_STANDARD = gnu11;
				GCC_NO_COMMON_BLOCKS = YES;
				GCC_WARN_64_TO_32_BIT_CONVERSION = YES;
				GCC_WARN_ABOUT_RETURN_TYPE = YES_ERROR;
				GCC_WARN_UNDECLARED_SELECTOR = YES;
				GCC_WARN_UNINITIALIZED_AUTOS = YES_AGGRESSIVE;
				GCC_WARN_UNUSED_FUNCTION = YES;
				GCC_WARN_UNUSED_VARIABLE = YES;
				IPHONEOS_DEPLOYMENT_TARGET = 11.0;
				MTL_ENABLE_DEBUG_INFO = NO;
				SDKROOT = iphoneos;
				SWIFT_OPTIMIZATION_LEVEL = "-Owholemodule";
				VALIDATE_PRODUCT = YES;
			};
			name = Release;
		};
		D3A86F4C1FB52035007FDA11 /* Debug */ = {
			isa = XCBuildConfiguration;
			buildSettings = {
				ASSETCATALOG_COMPILER_APPICON_NAME = AppIcon;
				CODE_SIGN_STYLE = Automatic;
				INFOPLIST_FILE = "Test Alomafire/Info.plist";
				LD_RUNPATH_SEARCH_PATHS = "$(inherited) @executable_path/Frameworks";
				PRODUCT_BUNDLE_IDENTIFIER = "smk-idn.Test-Alomafire";
				PRODUCT_NAME = "$(TARGET_NAME)";
				SWIFT_VERSION = 4.0;
				TARGETED_DEVICE_FAMILY = "1,2";
			};
			name = Debug;
		};
		D3A86F4D1FB52035007FDA11 /* Release */ = {
			isa = XCBuildConfiguration;
			buildSettings = {
				ASSETCATALOG_COMPILER_APPICON_NAME = AppIcon;
				CODE_SIGN_STYLE = Automatic;
				INFOPLIST_FILE = "Test Alomafire/Info.plist";
				LD_RUNPATH_SEARCH_PATHS = "$(inherited) @executable_path/Frameworks";
				PRODUCT_BUNDLE_IDENTIFIER = "smk-idn.Test-Alomafire";
				PRODUCT_NAME = "$(TARGET_NAME)";
				SWIFT_VERSION = 4.0;
				TARGETED_DEVICE_FAMILY = "1,2";
			};
			name = Release;
		};
		D3A86F4F1FB52035007FDA11 /* Debug */ = {
			isa = XCBuildConfiguration;
			buildSettings = {
				ALWAYS_EMBED_SWIFT_STANDARD_LIBRARIES = YES;
				BUNDLE_LOADER = "$(TEST_HOST)";
				CODE_SIGN_STYLE = Automatic;
				INFOPLIST_FILE = "Test AlomafireTests/Info.plist";
				LD_RUNPATH_SEARCH_PATHS = "$(inherited) @executable_path/Frameworks @loader_path/Frameworks";
				PRODUCT_BUNDLE_IDENTIFIER = "smk-idn.Test-AlomafireTests";
				PRODUCT_NAME = "$(TARGET_NAME)";
				SWIFT_VERSION = 4.0;
				TARGETED_DEVICE_FAMILY = "1,2";
				TEST_HOST = "$(BUILT_PRODUCTS_DIR)/Test Alomafire.app/Test Alomafire";
			};
			name = Debug;
		};
		D3A86F501FB52035007FDA11 /* Release */ = {
			isa = XCBuildConfiguration;
			buildSettings = {
				ALWAYS_EMBED_SWIFT_STANDARD_LIBRARIES = YES;
				BUNDLE_LOADER = "$(TEST_HOST)";
				CODE_SIGN_STYLE = Automatic;
				INFOPLIST_FILE = "Test AlomafireTests/Info.plist";
				LD_RUNPATH_SEARCH_PATHS = "$(inherited) @executable_path/Frameworks @loader_path/Frameworks";
				PRODUCT_BUNDLE_IDENTIFIER = "smk-idn.Test-AlomafireTests";
				PRODUCT_NAME = "$(TARGET_NAME)";
				SWIFT_VERSION = 4.0;
				TARGETED_DEVICE_FAMILY = "1,2";
				TEST_HOST = "$(BUILT_PRODUCTS_DIR)/Test Alomafire.app/Test Alomafire";
			};
			name = Release;
		};
		D3A86F521FB52035007FDA11 /* Debug */ = {
			isa = XCBuildConfiguration;
			buildSettings = {
				ALWAYS_EMBED_SWIFT_STANDARD_LIBRARIES = YES;
				CODE_SIGN_STYLE = Automatic;
				INFOPLIST_FILE = "Test AlomafireUITests/Info.plist";
				LD_RUNPATH_SEARCH_PATHS = "$(inherited) @executable_path/Frameworks @loader_path/Frameworks";
				PRODUCT_BUNDLE_IDENTIFIER = "smk-idn.Test-AlomafireUITests";
				PRODUCT_NAME = "$(TARGET_NAME)";
				SWIFT_VERSION = 4.0;
				TARGETED_DEVICE_FAMILY = "1,2";
				TEST_TARGET_NAME = "Test Alomafire";
			};
			name = Debug;
		};
		D3A86F531FB52035007FDA11 /* Release */ = {
			isa = XCBuildConfiguration;
			buildSettings = {
				ALWAYS_EMBED_SWIFT_STANDARD_LIBRARIES = YES;
				CODE_SIGN_STYLE = Automatic;
				INFOPLIST_FILE = "Test AlomafireUITests/Info.plist";
				LD_RUNPATH_SEARCH_PATHS = "$(inherited) @executable_path/Frameworks @loader_path/Frameworks";
				PRODUCT_BUNDLE_IDENTIFIER = "smk-idn.Test-AlomafireUITests";
				PRODUCT_NAME = "$(TARGET_NAME)";
				SWIFT_VERSION = 4.0;
				TARGETED_DEVICE_FAMILY = "1,2";
				TEST_TARGET_NAME = "Test Alomafire";
			};
			name = Release;
		};
/* End XCBuildConfiguration section */

/* Begin XCConfigurationList section */
		D3A86F1E1FB52035007FDA11 /* Build configuration list for PBXProject "Test Alomafire" */ = {
			isa = XCConfigurationList;
			buildConfigurations = (
				D3A86F491FB52035007FDA11 /* Debug */,
				D3A86F4A1FB52035007FDA11 /* Release */,
			);
			defaultConfigurationIsVisible = 0;
			defaultConfigurationName = Release;
		};
		D3A86F4B1FB52035007FDA11 /* Build configuration list for PBXNativeTarget "Test Alomafire" */ = {
			isa = XCConfigurationList;
			buildConfigurations = (
				D3A86F4C1FB52035007FDA11 /* Debug */,
				D3A86F4D1FB52035007FDA11 /* Release */,
			);
			defaultConfigurationIsVisible = 0;
			defaultConfigurationName = Release;
		};
		D3A86F4E1FB52035007FDA11 /* Build configuration list for PBXNativeTarget "Test AlomafireTests" */ = {
			isa = XCConfigurationList;
			buildConfigurations = (
				D3A86F4F1FB52035007FDA11 /* Debug */,
				D3A86F501FB52035007FDA11 /* Release */,
			);
			defaultConfigurationIsVisible = 0;
			defaultConfigurationName = Release;
		};
		D3A86F511FB52035007FDA11 /* Build configuration list for PBXNativeTarget "Test AlomafireUITests" */ = {
			isa = XCConfigurationList;
			buildConfigurations = (
				D3A86F521FB52035007FDA11 /* Debug */,
				D3A86F531FB52035007FDA11 /* Release */,
			);
			defaultConfigurationIsVisible = 0;
			defaultConfigurationName = Release;
		};
/* End XCConfigurationList section */
	};
	rootObject = D3A86F1B1FB52035007FDA11 /* Project object */;
}
